{
  "name": "Local-Remote-Developer-Jobs-Aggregator",
  "lockfileVersion": 3,
  "requires": true,
  "packages": {
    "": {
      "dependencies": {
        "hono": "^4.5.8",
        "nunjucks": "^3.2.4"
      },
      "devDependencies": {
        "@types/bun": "^1.0.12",
        "@types/nunjucks": "^3.2.6"
      }
    },
    "node_modules/@types/bun": {
      "version": "1.0.12",
      "dev": true,
      "license": "MIT",
      "dependencies": {
        "bun-types": "1.0.36"
      }
    },
    "node_modules/@types/node": {
      "version": "20.11.30",
      "dev": true,
      "license": "MIT",
      "dependencies": {
        "undici-types": "~5.26.4"
      }
    },
    "node_modules/@types/nunjucks": {
      "version": "3.2.6",
      "resolved": "https://registry.npmjs.org/@types/nunjucks/-/nunjucks-3.2.6.tgz",
      "integrity": "sha512-pHiGtf83na1nCzliuAdq8GowYiXvH5l931xZ0YEHaLMNFgynpEqx+IPStlu7UaDkehfvl01e4x/9Tpwhy7Ue3w==",
      "dev": true
    },
    "node_modules/@types/ws": {
      "version": "8.5.10",
      "dev": true,
      "license": "MIT",
      "dependencies": {
        "@types/node": "*"
      }
    },
    "node_modules/a-sync-waterfall": {
      "version": "1.0.1",
      "license": "MIT"
    },
    "node_modules/asap": {
      "version": "2.0.6",
      "license": "MIT"
    },
    "node_modules/bun-types": {
      "version": "1.0.36",
      "dev": true,
      "license": "MIT",
      "dependencies": {
        "@types/node": "~20.11.3",
        "@types/ws": "~8.5.10"
      }
    },
    "node_modules/commander": {
      "version": "5.1.0",
      "license": "MIT",
      "engines": {
        "node": ">= 6"
      }
    },
    "node_modules/hono": {
      "version": "4.5.8",
      "resolved": "https://registry.npmjs.org/hono/-/hono-4.5.8.tgz",
      "integrity": "sha512-pqpSlcdqGkpTTRpLYU1PnCz52gVr0zVR9H5GzMyJWuKQLLEBQxh96q45QizJ2PPX8NATtz2mu31/PKW/Jt+90Q==",
      "engines": {
        "node": ">=16.0.0"
      }
    },
    "node_modules/nunjucks": {
      "version": "3.2.4",
      "license": "BSD-2-Clause",
      "dependencies": {
        "a-sync-waterfall": "^1.0.0",
        "asap": "^2.0.3",
        "commander": "^5.1.0"
      },
      "bin": {
        "nunjucks-precompile": "bin/precompile"
      },
      "engines": {
        "node": ">= 6.9.0"
      },
      "peerDependencies": {
        "chokidar": "^3.3.0"
      },
      "peerDependenciesMeta": {
        "chokidar": {
          "optional": true
        }
      }
    },
    "node_modules/undici-types": {
      "version": "5.26.5",
      "dev": true,
      "license": "MIT"
    }
  }
}
